
Microsoft Visual Studio Solution File, Format Version 12.00
# Visual Studio 15
VisualStudioVersion = 15.0.27428.2002
MinimumVisualStudioVersion = 10.0.40219.1
Project("{2150E333-8FDC-42A3-9474-1A3956D46DE8}") = "Configuration", "Configuration", "{491EEF17-E0E0-413D-97B8-B405B8792264}"
	ProjectSection(SolutionItems) = preProject
		gulp-config.js = gulp-config.js
		gulpfile.js = gulpfile.js
		Leprechaun.config = Leprechaun.config
		NuGet.config = NuGet.config
		package.json = package.json
		publishsettingsdebug.targets = publishsettingsdebug.targets
		publishsettingsrelease.targets = publishsettingsrelease.targets
		README.md = README.md
	EndProjectSection
EndProject
Project("{2150E333-8FDC-42A3-9474-1A3956D46DE8}") = "Feature", "Feature", "{D6453E2A-BE77-41AE-8A14-116D888C5588}"
EndProject
Project("{2150E333-8FDC-42A3-9474-1A3956D46DE8}") = "Foundation", "Foundation", "{95FC65A8-D4A4-4086-9C23-8627B9B3EF42}"
EndProject
Project("{2150E333-8FDC-42A3-9474-1A3956D46DE8}") = "Project", "Project", "{06F867A9-FA92-4E58-89B1-DEEBC0CDFFE9}"
EndProject
Project("{2150E333-8FDC-42A3-9474-1A3956D46DE8}") = "Serialization", "Serialization", "{96A78F94-DF03-4ABD-ADFF-EC1447BD2A06}"
EndProject
Project("{2150E333-8FDC-42A3-9474-1A3956D46DE8}") = "Ioc", "Ioc", "{181B34F6-97EB-4318-9CC7-3C35CD290BDD}"
EndProject
Project("{2150E333-8FDC-42A3-9474-1A3956D46DE8}") = "ORM", "ORM", "{8EBC29D4-B0A6-44BF-8A57-466AE266FFDE}"
EndProject
Project("{FAE04EC0-301F-11D3-BF4B-00C04F79EFBC}") = "<%=Parameters.SolutionPrefix%>.Foundation.Ioc", "src\Foundation\Ioc\code\<%=Parameters.SolutionPrefix%>.Foundation.Ioc.csproj", "{4ADAF54C-6EDD-487C-9F97-D044F375D954}"
EndProject
Project("{FAE04EC0-301F-11D3-BF4B-00C04F79EFBC}") = "<%=Parameters.SolutionPrefix%>.Foundation.Serialization", "src\Foundation\Serialization\code\<%=Parameters.SolutionPrefix%>.Foundation.Serialization.csproj", "{758D66AA-010B-42BC-A034-79063EED827A}"
EndProject
Project("{FAE04EC0-301F-11D3-BF4B-00C04F79EFBC}") = "<%=Parameters.SolutionPrefix%>.Foundation.ORM", "src\Foundation\ORM\code\<%=Parameters.SolutionPrefix%>.Foundation.ORM.csproj", "{BFCFE76E-49BA-439D-AC87-92AEB9AE8321}"
EndProject
Project("{2150E333-8FDC-42A3-9474-1A3956D46DE8}") = "CodeGen", "CodeGen", "{79B07CE5-F2B9-4490-8E3D-9DADBACFA9BB}"
	ProjectSection(SolutionItems) = preProject
		tools\Leprechaun-1.0.0\Scripts\Constants.csx = tools\Leprechaun-1.0.0\Scripts\Constants.csx
		tools\Leprechaun-1.0.0\Scripts\Diagnostics.csx = tools\Leprechaun-1.0.0\Scripts\Diagnostics.csx
		tools\Leprechaun-1.0.0\Scripts\GlassMapper.csx = tools\Leprechaun-1.0.0\Scripts\GlassMapper.csx
	EndProjectSection
EndProject
Project("{2150E333-8FDC-42A3-9474-1A3956D46DE8}") = "Build", "Build", "{13B45CE4-7947-4894-A599-8C0BA8C2D5C0}"
EndProject
Project("{151D2E53-A2C4-4D7D-83FE-D05416EBD58E}") = "Azure", "build\Azure\Azure.deployproj", "{F0FED01C-36FE-4529-89DD-A38392E01B08}"
EndProject
Global
	GlobalSection(SolutionConfigurationPlatforms) = preSolution
		Debug|Any CPU = Debug|Any CPU
		Release|Any CPU = Release|Any CPU
	EndGlobalSection
	GlobalSection(ProjectConfigurationPlatforms) = postSolution
		{4ADAF54C-6EDD-487C-9F97-D044F375D954}.Debug|Any CPU.ActiveCfg = Debug|Any CPU
		{4ADAF54C-6EDD-487C-9F97-D044F375D954}.Debug|Any CPU.Build.0 = Debug|Any CPU
		{4ADAF54C-6EDD-487C-9F97-D044F375D954}.Release|Any CPU.ActiveCfg = Release|Any CPU
		{4ADAF54C-6EDD-487C-9F97-D044F375D954}.Release|Any CPU.Build.0 = Release|Any CPU
		{758D66AA-010B-42BC-A034-79063EED827A}.Debug|Any CPU.ActiveCfg = Debug|Any CPU
		{758D66AA-010B-42BC-A034-79063EED827A}.Debug|Any CPU.Build.0 = Debug|Any CPU
		{758D66AA-010B-42BC-A034-79063EED827A}.Release|Any CPU.ActiveCfg = Release|Any CPU
		{758D66AA-010B-42BC-A034-79063EED827A}.Release|Any CPU.Build.0 = Release|Any CPU
		{BFCFE76E-49BA-439D-AC87-92AEB9AE8321}.Debug|Any CPU.ActiveCfg = Debug|Any CPU
		{BFCFE76E-49BA-439D-AC87-92AEB9AE8321}.Debug|Any CPU.Build.0 = Debug|Any CPU
		{BFCFE76E-49BA-439D-AC87-92AEB9AE8321}.Release|Any CPU.ActiveCfg = Release|Any CPU
		{BFCFE76E-49BA-439D-AC87-92AEB9AE8321}.Release|Any CPU.Build.0 = Release|Any CPU
		{F0FED01C-36FE-4529-89DD-A38392E01B08}.Debug|Any CPU.ActiveCfg = Debug|Any CPU
		{F0FED01C-36FE-4529-89DD-A38392E01B08}.Debug|Any CPU.Build.0 = Debug|Any CPU
		{F0FED01C-36FE-4529-89DD-A38392E01B08}.Release|Any CPU.ActiveCfg = Release|Any CPU
		{F0FED01C-36FE-4529-89DD-A38392E01B08}.Release|Any CPU.Build.0 = Release|Any CPU
	EndGlobalSection
	GlobalSection(SolutionProperties) = preSolution
		HideSolutionNode = FALSE
	EndGlobalSection
	GlobalSection(NestedProjects) = preSolution
		{96A78F94-DF03-4ABD-ADFF-EC1447BD2A06} = {95FC65A8-D4A4-4086-9C23-8627B9B3EF42}
		{181B34F6-97EB-4318-9CC7-3C35CD290BDD} = {95FC65A8-D4A4-4086-9C23-8627B9B3EF42}
		{A355FAB3-4300-4A5A-B385-65DDF48F5596} = {95FC65A8-D4A4-4086-9C23-8627B9B3EF42}
		{8EBC29D4-B0A6-44BF-8A57-466AE266FFDE} = {95FC65A8-D4A4-4086-9C23-8627B9B3EF42}
		{4044620C-5382-4158-B192-9168488E15A3} = {06F867A9-FA92-4E58-89B1-DEEBC0CDFFE9}
		{4ADAF54C-6EDD-487C-9F97-D044F375D954} = {181B34F6-97EB-4318-9CC7-3C35CD290BDD}
		{758D66AA-010B-42BC-A034-79063EED827A} = {96A78F94-DF03-4ABD-ADFF-EC1447BD2A06}
		{BFCFE76E-49BA-439D-AC87-92AEB9AE8321} = {8EBC29D4-B0A6-44BF-8A57-466AE266FFDE}
		{F0FED01C-36FE-4529-89DD-A38392E01B08} = {13B45CE4-7947-4894-A599-8C0BA8C2D5C0}
	EndGlobalSection
	GlobalSection(ExtensibilityGlobals) = postSolution
		SolutionGuid = {3DB09A00-2D51-4C23-B8C9-C7079A5E94D0}
	EndGlobalSection
EndGlobal
